# <chain> <nix store path of the image> <registry digest>
# Written only by devnet/scripts/25-images.sh. 30-enclave-up.sh refuses to deploy a chain
# whose current source no longer evaluates to its store path here.
arbitrum /nix/store/c4rd5l438bdg2bszqw890yq7g7y7q13c-tee-node.tar.gz sha256:92f243484665e80e8f5e437e068acd2b8e8417338d655dd4f161d50ad15bab56
base /nix/store/0b2rkiw82rpqzz0qb2r7hvckc82xj7wz-tee-node.tar.gz sha256:644b7aaf473db0a159501e8d64ff85755e42a6868ecdd9407f8584e8d8226bea
celestia /nix/store/rrd3bvkr34rfc2ma9w3lj902pp09p5ny-tee-node.tar.gz sha256:c38c15417f73a2a8b489aa8863aa24e5e41faf7d9ffb4aad87cb6ef13233ce8c
eden /nix/store/nqy0m095cxfi5ni20mhamh6yz3lbzvy5-tee-node.tar.gz sha256:097aef89086c56cdfdfc4a01cb719c4f3ed7a2b47b7d933db0e9a320c77bdeb0
ethereum /nix/store/hj6970rzph09gh4accb0x3ny166wxbx5-tee-node.tar.gz sha256:d8639917bc9a3f7512951da9e0e3c02e456ce3d2d9a829a8aa639b73a162c0fb
